
Microsoft Visual Studio Solution File, Format Version 12.00
# Visual Studio Version 17
VisualStudioVersion = 17.11.35312.102
MinimumVisualStudioVersion = 10.0.40219.1
Project("{FAE04EC0-301F-11D3-BF4B-00C04F79EFBC}") = "Calculator App", "Calculator App.csproj", "{26C9AE14-26AA-43D1-A9BE-CD52F3071285}"
EndProject
Global
	GlobalSection(SolutionConfigurationPlatforms) = preSolution
		Debug|Any CPU = Debug|Any CPU
		Release|Any CPU = Release|Any CPU
	EndGlobalSection
	GlobalSection(ProjectConfigurationPlatforms) = postSolution
		{26C9AE14-26AA-43D1-A9BE-CD52F3071285}.Debug|Any CPU.ActiveCfg = Debug|Any CPU
		{26C9AE14-26AA-43D1-A9BE-CD52F3071285}.Debug|Any CPU.Build.0 = Debug|Any CPU
		{26C9AE14-26AA-43D1-A9BE-CD52F3071285}.Release|Any CPU.ActiveCfg = Release|Any CPU
		{26C9AE14-26AA-43D1-A9BE-CD52F3071285}.Release|Any CPU.Build.0 = Release|Any CPU
	EndGlobalSection
	GlobalSection(SolutionProperties) = preSolution
		HideSolutionNode = FALSE
	EndGlobalSection
	GlobalSection(ExtensibilityGlobals) = postSolution
		SolutionGuid = {0CD5E051-4A13-4999-959B-F9C132E0F85B}
	EndGlobalSection
EndGlobal
